
Microsoft Visual Studio Solution File, Format Version 12.00
# Visual Studio Express 2012 for Windows Desktop
Project("{2150E333-8FDC-42A3-9474-1A3956D46DE8}") = ".nuget", ".nuget", "{67FC74EB-FB08-4073-89DF-2224C208D9CC}"
	ProjectSection(SolutionItems) = preProject
		.nuget\NuGet.Config = .nuget\NuGet.Config
		.nuget\NuGet.exe = .nuget\NuGet.exe
		.nuget\NuGet.targets = .nuget\NuGet.targets
	EndProjectSection
EndProject
Project("{FAE04EC0-301F-11D3-BF4B-00C04F79EFBC}") = "HtmlElements-DotNet", "HtmlElements-DotNet\HtmlElements-DotNet.csproj", "{F8E33C17-149B-488C-8156-CC19AC715B82}"
EndProject
Project("{FAE04EC0-301F-11D3-BF4B-00C04F79EFBC}") = "HtmlElements-ProjectExample", "HtmlElements-ProjectExample\HtmlElements-ProjectExample.csproj", "{21B6BF17-92E5-4844-B63C-B3A6183047A6}"
EndProject
Project("{FAE04EC0-301F-11D3-BF4B-00C04F79EFBC}") = "HtmlElements-Tests", "HtmlElements-Tests\HtmlElements-Tests.csproj", "{ED0A58DF-9ACC-4395-89F5-4AFEBA7DA73B}"
EndProject
Global
	GlobalSection(SolutionConfigurationPlatforms) = preSolution
		Debug|Any CPU = Debug|Any CPU
		Release|Any CPU = Release|Any CPU
	EndGlobalSection
	GlobalSection(ProjectConfigurationPlatforms) = postSolution
		{F8E33C17-149B-488C-8156-CC19AC715B82}.Debug|Any CPU.ActiveCfg = Debug|Any CPU
		{F8E33C17-149B-488C-8156-CC19AC715B82}.Debug|Any CPU.Build.0 = Debug|Any CPU
		{F8E33C17-149B-488C-8156-CC19AC715B82}.Release|Any CPU.ActiveCfg = Release|Any CPU
		{F8E33C17-149B-488C-8156-CC19AC715B82}.Release|Any CPU.Build.0 = Release|Any CPU
		{21B6BF17-92E5-4844-B63C-B3A6183047A6}.Debug|Any CPU.ActiveCfg = Debug|Any CPU
		{21B6BF17-92E5-4844-B63C-B3A6183047A6}.Debug|Any CPU.Build.0 = Debug|Any CPU
		{21B6BF17-92E5-4844-B63C-B3A6183047A6}.Release|Any CPU.ActiveCfg = Release|Any CPU
		{21B6BF17-92E5-4844-B63C-B3A6183047A6}.Release|Any CPU.Build.0 = Release|Any CPU
		{ED0A58DF-9ACC-4395-89F5-4AFEBA7DA73B}.Debug|Any CPU.ActiveCfg = Debug|Any CPU
		{ED0A58DF-9ACC-4395-89F5-4AFEBA7DA73B}.Debug|Any CPU.Build.0 = Debug|Any CPU
		{ED0A58DF-9ACC-4395-89F5-4AFEBA7DA73B}.Release|Any CPU.ActiveCfg = Release|Any CPU
		{ED0A58DF-9ACC-4395-89F5-4AFEBA7DA73B}.Release|Any CPU.Build.0 = Release|Any CPU
	EndGlobalSection
	GlobalSection(SolutionProperties) = preSolution
		HideSolutionNode = FALSE
	EndGlobalSection
EndGlobal
